
Microsoft Visual Studio Solution File, Format Version 12.00
# Visual Studio Version 17
VisualStudioVersion = 17.7.34221.43
MinimumVisualStudioVersion = 10.0.40219.1
Project("{FAE04EC0-301F-11D3-BF4B-00C04F79EFBC}") = "AromaFood Resort", "AromaFood Resort\AromaFood Resort.csproj", "{9D89F276-D8D6-4823-BFCC-1238842704CD}"
EndProject
Global
	GlobalSection(SolutionConfigurationPlatforms) = preSolution
		Debug|Any CPU = Debug|Any CPU
		Release|Any CPU = Release|Any CPU
	EndGlobalSection
	GlobalSection(ProjectConfigurationPlatforms) = postSolution
		{9D89F276-D8D6-4823-BFCC-1238842704CD}.Debug|Any CPU.ActiveCfg = Debug|Any CPU
		{9D89F276-D8D6-4823-BFCC-1238842704CD}.Debug|Any CPU.Build.0 = Debug|Any CPU
		{9D89F276-D8D6-4823-BFCC-1238842704CD}.Release|Any CPU.ActiveCfg = Release|Any CPU
		{9D89F276-D8D6-4823-BFCC-1238842704CD}.Release|Any CPU.Build.0 = Release|Any CPU
	EndGlobalSection
	GlobalSection(SolutionProperties) = preSolution
		HideSolutionNode = FALSE
	EndGlobalSection
	GlobalSection(ExtensibilityGlobals) = postSolution
		SolutionGuid = {FF26D71A-E075-4055-9726-FA0E82E5C304}
	EndGlobalSection
EndGlobal
